// !$*UTF8*$!
{
	archiveVersion = 1;
	classes = {
	};
	objectVersion = 56;
	objects = {

/* Begin PBXBuildFile section */
		152D9B5C2AC0770F00778FCC /* ParseSwift in Frameworks */ = {isa = PBXBuildFile; productRef = 152D9B5B2AC0770F00778FCC /* ParseSwift */; };
		1553570E2ABF5C9E00B85F0A /* WhalenessApp.swift in Sources */ = {isa = PBXBuildFile; fileRef = 1553570D2ABF5C9E00B85F0A /* WhalenessApp.swift */; };
		155357122ABF5CA000B85F0A /* Assets.xcassets in Resources */ = {isa = PBXBuildFile; fileRef = 155357112ABF5CA000B85F0A /* Assets.xcassets */; };
		155357152ABF5CA000B85F0A /* Preview Assets.xcassets in Resources */ = {isa = PBXBuildFile; fileRef = 155357142ABF5CA000B85F0A /* Preview Assets.xcassets */; };
		155357412ABF62E700B85F0A /* LoginView.swift in Sources */ = {isa = PBXBuildFile; fileRef = 1553572B2ABF62E700B85F0A /* LoginView.swift */; };
		1553574D2ABF646E00B85F0A /* CheckInPortal.swift in Sources */ = {isa = PBXBuildFile; fileRef = 1553574C2ABF646D00B85F0A /* CheckInPortal.swift */; };
		1553574F2ABF647B00B85F0A /* HomePortal.swift in Sources */ = {isa = PBXBuildFile; fileRef = 1553574E2ABF647B00B85F0A /* HomePortal.swift */; };
		155357512ABF648C00B85F0A /* ChatPortal.swift in Sources */ = {isa = PBXBuildFile; fileRef = 155357502ABF648C00B85F0A /* ChatPortal.swift */; };
		155357532ABF6E8C00B85F0A /* LandingPage.swift in Sources */ = {isa = PBXBuildFile; fileRef = 155357522ABF6E8C00B85F0A /* LandingPage.swift */; };
		155357572ABF893200B85F0A /* PatientTabView.swift in Sources */ = {isa = PBXBuildFile; fileRef = 155357562ABF893200B85F0A /* PatientTabView.swift */; };
		155357592ABF893F00B85F0A /* ProviderTabView.swift in Sources */ = {isa = PBXBuildFile; fileRef = 155357582ABF893F00B85F0A /* ProviderTabView.swift */; };
		1553575B2ABF91EE00B85F0A /* ApptBubbleView.swift in Sources */ = {isa = PBXBuildFile; fileRef = 1553575A2ABF91EE00B85F0A /* ApptBubbleView.swift */; };
		1553575D2ABF926C00B85F0A /* Appointment.swift in Sources */ = {isa = PBXBuildFile; fileRef = 1553575C2ABF926C00B85F0A /* Appointment.swift */; };
		1553575F2ABF953100B85F0A /* ApptDetailView.swift in Sources */ = {isa = PBXBuildFile; fileRef = 1553575E2ABF953100B85F0A /* ApptDetailView.swift */; };
		155357622ABFACED00B85F0A /* Treatment.swift in Sources */ = {isa = PBXBuildFile; fileRef = 155357612ABFACED00B85F0A /* Treatment.swift */; };
		155357642ABFAEF400B85F0A /* TreatBubbleView.swift in Sources */ = {isa = PBXBuildFile; fileRef = 155357632ABFAEF400B85F0A /* TreatBubbleView.swift */; };
		155357672ABFAF5B00B85F0A /* TreatDetailView.swift in Sources */ = {isa = PBXBuildFile; fileRef = 155357662ABFAF5B00B85F0A /* TreatDetailView.swift */; };
		155357692ABFBD2E00B85F0A /* CheckboxToggleStyle.swift in Sources */ = {isa = PBXBuildFile; fileRef = 155357682ABFBD2E00B85F0A /* CheckboxToggleStyle.swift */; };
		38443A5A2ABFFAAD00FC94E1 /* PatientTreatment.swift in Sources */ = {isa = PBXBuildFile; fileRef = 38443A592ABFFAAD00FC94E1 /* PatientTreatment.swift */; };
		38DA50472AC07CBA000C461E /* ChatPortalProvider.swift in Sources */ = {isa = PBXBuildFile; fileRef = 38DA50462AC07CBA000C461E /* ChatPortalProvider.swift */; };
		BA29E6F62ABFB568004429D3 /* ProviderAppointment.swift in Sources */ = {isa = PBXBuildFile; fileRef = BA29E6F52ABFB568004429D3 /* ProviderAppointment.swift */; };
		BA29E6F82ABFB69C004429D3 /* HomePortalProvider.swift in Sources */ = {isa = PBXBuildFile; fileRef = BA29E6F72ABFB69C004429D3 /* HomePortalProvider.swift */; };
		BA29E6FA2ABFB6F1004429D3 /* Patients.swift in Sources */ = {isa = PBXBuildFile; fileRef = BA29E6F92ABFB6F1004429D3 /* Patients.swift */; };
		BA29E7002ABFB7D1004429D3 /* Patient.swift in Sources */ = {isa = PBXBuildFile; fileRef = BA29E6FF2ABFB7D1004429D3 /* Patient.swift */; };
		BA29E7022ABFBA0D004429D3 /* PatientBubbleView.swift in Sources */ = {isa = PBXBuildFile; fileRef = BA29E7012ABFBA0D004429D3 /* PatientBubbleView.swift */; };
		BA29E7042ABFC1A1004429D3 /* PatientRecords.swift in Sources */ = {isa = PBXBuildFile; fileRef = BA29E7032ABFC1A1004429D3 /* PatientRecords.swift */; };
		BA29E7062ABFC7CE004429D3 /* ProviderApptBubbleView.swift in Sources */ = {isa = PBXBuildFile; fileRef = BA29E7052ABFC7CE004429D3 /* ProviderApptBubbleView.swift */; };
		BA29E70A2ABFD935004429D3 /* ProviderApptDetailView.swift in Sources */ = {isa = PBXBuildFile; fileRef = BA29E7092ABFD935004429D3 /* ProviderApptDetailView.swift */; };
		BA29E70E2AC07899004429D3 /* CheckInSubmit.swift in Sources */ = {isa = PBXBuildFile; fileRef = BA29E70D2AC07898004429D3 /* CheckInSubmit.swift */; };
		C58C7A6D2ABFDB74006B9BA2 /* OpenAI in Frameworks */ = {isa = PBXBuildFile; productRef = C58C7A6C2ABFDB74006B9BA2 /* OpenAI */; };
/* End PBXBuildFile section */

/* Begin PBXFileReference section */
		1553570A2ABF5C9E00B85F0A /* Whaleness.app */ = {isa = PBXFileReference; explicitFileType = wrapper.application; includeInIndex = 0; path = Whaleness.app; sourceTree = BUILT_PRODUCTS_DIR; };
		1553570D2ABF5C9E00B85F0A /* WhalenessApp.swift */ = {isa = PBXFileReference; lastKnownFileType = sourcecode.swift; path = WhalenessApp.swift; sourceTree = "<group>"; };
		155357112ABF5CA000B85F0A /* Assets.xcassets */ = {isa = PBXFileReference; lastKnownFileType = folder.assetcatalog; path = Assets.xcassets; sourceTree = "<group>"; };
		155357142ABF5CA000B85F0A /* Preview Assets.xcassets */ = {isa = PBXFileReference; lastKnownFileType = folder.assetcatalog; path = "Preview Assets.xcassets"; sourceTree = "<group>"; };
		1553572B2ABF62E700B85F0A /* LoginView.swift */ = {isa = PBXFileReference; fileEncoding = 4; lastKnownFileType = sourcecode.swift; path = LoginView.swift; sourceTree = "<group>"; };
		1553574C2ABF646D00B85F0A /* CheckInPortal.swift */ = {isa = PBXFileReference; fileEncoding = 4; lastKnownFileType = sourcecode.swift; path = CheckInPortal.swift; sourceTree = "<group>"; };
		1553574E2ABF647B00B85F0A /* HomePortal.swift */ = {isa = PBXFileReference; fileEncoding = 4; lastKnownFileType = sourcecode.swift; path = HomePortal.swift; sourceTree = "<group>"; };
		155357502ABF648C00B85F0A /* ChatPortal.swift */ = {isa = PBXFileReference; fileEncoding = 4; lastKnownFileType = sourcecode.swift; path = ChatPortal.swift; sourceTree = "<group>"; };
		155357522ABF6E8C00B85F0A /* LandingPage.swift */ = {isa = PBXFileReference; lastKnownFileType = sourcecode.swift; path = LandingPage.swift; sourceTree = "<group>"; };
		155357562ABF893200B85F0A /* PatientTabView.swift */ = {isa = PBXFileReference; lastKnownFileType = sourcecode.swift; path = PatientTabView.swift; sourceTree = "<group>"; };
		155357582ABF893F00B85F0A /* ProviderTabView.swift */ = {isa = PBXFileReference; lastKnownFileType = sourcecode.swift; path = ProviderTabView.swift; sourceTree = "<group>"; };
		1553575A2ABF91EE00B85F0A /* ApptBubbleView.swift */ = {isa = PBXFileReference; lastKnownFileType = sourcecode.swift; path = ApptBubbleView.swift; sourceTree = "<group>"; };
		1553575C2ABF926C00B85F0A /* Appointment.swift */ = {isa = PBXFileReference; lastKnownFileType = sourcecode.swift; path = Appointment.swift; sourceTree = "<group>"; };
		1553575E2ABF953100B85F0A /* ApptDetailView.swift */ = {isa = PBXFileReference; lastKnownFileType = sourcecode.swift; path = ApptDetailView.swift; sourceTree = "<group>"; };
		155357612ABFACED00B85F0A /* Treatment.swift */ = {isa = PBXFileReference; lastKnownFileType = sourcecode.swift; path = Treatment.swift; sourceTree = "<group>"; };
		155357632ABFAEF400B85F0A /* TreatBubbleView.swift */ = {isa = PBXFileReference; lastKnownFileType = sourcecode.swift; path = TreatBubbleView.swift; sourceTree = "<group>"; };
		155357662ABFAF5B00B85F0A /* TreatDetailView.swift */ = {isa = PBXFileReference; lastKnownFileType = sourcecode.swift; path = TreatDetailView.swift; sourceTree = "<group>"; };
		155357682ABFBD2E00B85F0A /* CheckboxToggleStyle.swift */ = {isa = PBXFileReference; lastKnownFileType = sourcecode.swift; path = CheckboxToggleStyle.swift; sourceTree = "<group>"; };
		38443A592ABFFAAD00FC94E1 /* PatientTreatment.swift */ = {isa = PBXFileReference; lastKnownFileType = sourcecode.swift; path = PatientTreatment.swift; sourceTree = "<group>"; };
		38DA50462AC07CBA000C461E /* ChatPortalProvider.swift */ = {isa = PBXFileReference; lastKnownFileType = sourcecode.swift; name = ChatPortalProvider.swift; path = Whaleness/ProviderViews/ProvidersPatientViews/ChatPortalProvider.swift; sourceTree = SOURCE_ROOT; };
		BA29E6F52ABFB568004429D3 /* ProviderAppointment.swift */ = {isa = PBXFileReference; lastKnownFileType = sourcecode.swift; path = ProviderAppointment.swift; sourceTree = "<group>"; };
		BA29E6F72ABFB69C004429D3 /* HomePortalProvider.swift */ = {isa = PBXFileReference; lastKnownFileType = sourcecode.swift; path = HomePortalProvider.swift; sourceTree = "<group>"; };
		BA29E6F92ABFB6F1004429D3 /* Patients.swift */ = {isa = PBXFileReference; lastKnownFileType = sourcecode.swift; path = Patients.swift; sourceTree = "<group>"; };
		BA29E6FF2ABFB7D1004429D3 /* Patient.swift */ = {isa = PBXFileReference; lastKnownFileType = sourcecode.swift; path = Patient.swift; sourceTree = "<group>"; };
		BA29E7012ABFBA0D004429D3 /* PatientBubbleView.swift */ = {isa = PBXFileReference; lastKnownFileType = sourcecode.swift; path = PatientBubbleView.swift; sourceTree = "<group>"; };
		BA29E7032ABFC1A1004429D3 /* PatientRecords.swift */ = {isa = PBXFileReference; lastKnownFileType = sourcecode.swift; path = PatientRecords.swift; sourceTree = "<group>"; };
		BA29E7052ABFC7CE004429D3 /* ProviderApptBubbleView.swift */ = {isa = PBXFileReference; lastKnownFileType = sourcecode.swift; path = ProviderApptBubbleView.swift; sourceTree = "<group>"; };
		BA29E7092ABFD935004429D3 /* ProviderApptDetailView.swift */ = {isa = PBXFileReference; lastKnownFileType = sourcecode.swift; path = ProviderApptDetailView.swift; sourceTree = "<group>"; };
		BA29E70D2AC07898004429D3 /* CheckInSubmit.swift */ = {isa = PBXFileReference; lastKnownFileType = sourcecode.swift; path = CheckInSubmit.swift; sourceTree = "<group>"; };
/* End PBXFileReference section */

/* Begin PBXFrameworksBuildPhase section */
		155357072ABF5C9E00B85F0A /* Frameworks */ = {
			isa = PBXFrameworksBuildPhase;
			buildActionMask = 2147483647;
			files = (
				152D9B5C2AC0770F00778FCC /* ParseSwift in Frameworks */,
				C58C7A6D2ABFDB74006B9BA2 /* OpenAI in Frameworks */,
			);
			runOnlyForDeploymentPostprocessing = 0;
		};
/* End PBXFrameworksBuildPhase section */

/* Begin PBXGroup section */
		155357012ABF5C9E00B85F0A = {
			isa = PBXGroup;
			children = (
				1553570C2ABF5C9E00B85F0A /* Whaleness */,
				1553570B2ABF5C9E00B85F0A /* Products */,
			);
			sourceTree = "<group>";
		};
		1553570B2ABF5C9E00B85F0A /* Products */ = {
			isa = PBXGroup;
			children = (
				1553570A2ABF5C9E00B85F0A /* Whaleness.app */,
			);
			name = Products;
			sourceTree = "<group>";
		};
		1553570C2ABF5C9E00B85F0A /* Whaleness */ = {
			isa = PBXGroup;
			children = (
				1553570D2ABF5C9E00B85F0A /* WhalenessApp.swift */,
				155357522ABF6E8C00B85F0A /* LandingPage.swift */,
				1553572B2ABF62E700B85F0A /* LoginView.swift */,
				155357602ABFACDA00B85F0A /* Models */,
				155357552ABF867500B85F0A /* ProviderViews */,
				155357542ABF866400B85F0A /* PatientViews */,
				155357112ABF5CA000B85F0A /* Assets.xcassets */,
				155357132ABF5CA000B85F0A /* Preview Content */,
			);
			path = Whaleness;
			sourceTree = "<group>";
		};
		155357132ABF5CA000B85F0A /* Preview Content */ = {
			isa = PBXGroup;
			children = (
				155357142ABF5CA000B85F0A /* Preview Assets.xcassets */,
			);
			path = "Preview Content";
			sourceTree = "<group>";
		};
		155357542ABF866400B85F0A /* PatientViews */ = {
			isa = PBXGroup;
			children = (
				155357562ABF893200B85F0A /* PatientTabView.swift */,
				155357652ABFAF0500B85F0A /* HomeViews */,
				1553574C2ABF646D00B85F0A /* CheckInPortal.swift */,
				BA29E70D2AC07898004429D3 /* CheckInSubmit.swift */,
				155357682ABFBD2E00B85F0A /* CheckboxToggleStyle.swift */,
				155357502ABF648C00B85F0A /* ChatPortal.swift */,
			);
			path = PatientViews;
			sourceTree = "<group>";
		};
		155357552ABF867500B85F0A /* ProviderViews */ = {
			isa = PBXGroup;
			children = (
				155357582ABF893F00B85F0A /* ProviderTabView.swift */,
				BA29E6F72ABFB69C004429D3 /* HomePortalProvider.swift */,
				BA29E7052ABFC7CE004429D3 /* ProviderApptBubbleView.swift */,
				BA29E7092ABFD935004429D3 /* ProviderApptDetailView.swift */,
				BA29E6F22ABFB48B004429D3 /* ProvidersPatientViews */,
			);
			path = ProviderViews;
			sourceTree = "<group>";
		};
		155357602ABFACDA00B85F0A /* Models */ = {
			isa = PBXGroup;
			children = (
				1553575C2ABF926C00B85F0A /* Appointment.swift */,
				155357612ABFACED00B85F0A /* Treatment.swift */,
				BA29E6F52ABFB568004429D3 /* ProviderAppointment.swift */,
				BA29E6FF2ABFB7D1004429D3 /* Patient.swift */,
			);
			path = Models;
			sourceTree = "<group>";
		};
		155357652ABFAF0500B85F0A /* HomeViews */ = {
			isa = PBXGroup;
			children = (
				1553574E2ABF647B00B85F0A /* HomePortal.swift */,
				1553575A2ABF91EE00B85F0A /* ApptBubbleView.swift */,
				1553575E2ABF953100B85F0A /* ApptDetailView.swift */,
				155357632ABFAEF400B85F0A /* TreatBubbleView.swift */,
				155357662ABFAF5B00B85F0A /* TreatDetailView.swift */,
			);
			path = HomeViews;
			sourceTree = "<group>";
		};
		BA29E6F22ABFB48B004429D3 /* ProvidersPatientViews */ = {
			isa = PBXGroup;
			children = (
				BA29E6F92ABFB6F1004429D3 /* Patients.swift */,
				BA29E7012ABFBA0D004429D3 /* PatientBubbleView.swift */,
				BA29E7032ABFC1A1004429D3 /* PatientRecords.swift */,
				38443A592ABFFAAD00FC94E1 /* PatientTreatment.swift */,
				38DA50462AC07CBA000C461E /* ChatPortalProvider.swift */,
			);
			path = ProvidersPatientViews;
			sourceTree = "<group>";
		};
/* End PBXGroup section */

/* Begin PBXNativeTarget section */
		155357092ABF5C9E00B85F0A /* Whaleness */ = {
			isa = PBXNativeTarget;
			buildConfigurationList = 155357182ABF5CA000B85F0A /* Build configuration list for PBXNativeTarget "Whaleness" */;
			buildPhases = (
				155357062ABF5C9E00B85F0A /* Sources */,
				155357072ABF5C9E00B85F0A /* Frameworks */,
				155357082ABF5C9E00B85F0A /* Resources */,
			);
			buildRules = (
			);
			dependencies = (
			);
			name = Whaleness;
			packageProductDependencies = (
				C58C7A6C2ABFDB74006B9BA2 /* OpenAI */,
				152D9B5B2AC0770F00778FCC /* ParseSwift */,
			);
			productName = Whaleness;
			productReference = 1553570A2ABF5C9E00B85F0A /* Whaleness.app */;
			productType = "com.apple.product-type.application";
		};
/* End PBXNativeTarget section */

/* Begin PBXProject section */
		155357022ABF5C9E00B85F0A /* Project object */ = {
			isa = PBXProject;
			attributes = {
				BuildIndependentTargetsInParallel = 1;
				LastSwiftUpdateCheck = 1500;
				LastUpgradeCheck = 1500;
				TargetAttributes = {
					155357092ABF5C9E00B85F0A = {
						CreatedOnToolsVersion = 15.0;
					};
				};
			};
			buildConfigurationList = 155357052ABF5C9E00B85F0A /* Build configuration list for PBXProject "Whaleness" */;
			compatibilityVersion = "Xcode 14.0";
			developmentRegion = en;
			hasScannedForEncodings = 0;
			knownRegions = (
				en,
				Base,
			);
			mainGroup = 155357012ABF5C9E00B85F0A;
			packageReferences = (
				C58C7A6B2ABFDB74006B9BA2 /* XCRemoteSwiftPackageReference "OpenAI" */,
				152D9B5A2AC0770F00778FCC /* XCRemoteSwiftPackageReference "Parse-Swift" */,
			);
			productRefGroup = 1553570B2ABF5C9E00B85F0A /* Products */;
			projectDirPath = "";
			projectRoot = "";
			targets = (
				155357092ABF5C9E00B85F0A /* Whaleness */,
			);
		};
/* End PBXProject section */

/* Begin PBXResourcesBuildPhase section */
		155357082ABF5C9E00B85F0A /* Resources */ = {
			isa = PBXResourcesBuildPhase;
			buildActionMask = 2147483647;
			files = (
				155357152ABF5CA000B85F0A /* Preview Assets.xcassets in Resources */,
				155357122ABF5CA000B85F0A /* Assets.xcassets in Resources */,
			);
			runOnlyForDeploymentPostprocessing = 0;
		};
/* End PBXResourcesBuildPhase section */

/* Begin PBXSourcesBuildPhase section */
		155357062ABF5C9E00B85F0A /* Sources */ = {
			isa = PBXSourcesBuildPhase;
			buildActionMask = 2147483647;
			files = (
				1553574D2ABF646E00B85F0A /* CheckInPortal.swift in Sources */,
				BA29E7002ABFB7D1004429D3 /* Patient.swift in Sources */,
				155357622ABFACED00B85F0A /* Treatment.swift in Sources */,
				BA29E70E2AC07899004429D3 /* CheckInSubmit.swift in Sources */,
				155357412ABF62E700B85F0A /* LoginView.swift in Sources */,
				BA29E6F62ABFB568004429D3 /* ProviderAppointment.swift in Sources */,
				155357672ABFAF5B00B85F0A /* TreatDetailView.swift in Sources */,
				BA29E7062ABFC7CE004429D3 /* ProviderApptBubbleView.swift in Sources */,
				155357642ABFAEF400B85F0A /* TreatBubbleView.swift in Sources */,
				1553575D2ABF926C00B85F0A /* Appointment.swift in Sources */,
				155357512ABF648C00B85F0A /* ChatPortal.swift in Sources */,
				1553574F2ABF647B00B85F0A /* HomePortal.swift in Sources */,
				BA29E6FA2ABFB6F1004429D3 /* Patients.swift in Sources */,
				38DA50472AC07CBA000C461E /* ChatPortalProvider.swift in Sources */,
				1553575F2ABF953100B85F0A /* ApptDetailView.swift in Sources */,
				BA29E7042ABFC1A1004429D3 /* PatientRecords.swift in Sources */,
				BA29E6F82ABFB69C004429D3 /* HomePortalProvider.swift in Sources */,
				BA29E7022ABFBA0D004429D3 /* PatientBubbleView.swift in Sources */,
				BA29E70A2ABFD935004429D3 /* ProviderApptDetailView.swift in Sources */,
				155357572ABF893200B85F0A /* PatientTabView.swift in Sources */,
				38443A5A2ABFFAAD00FC94E1 /* PatientTreatment.swift in Sources */,
				155357592ABF893F00B85F0A /* ProviderTabView.swift in Sources */,
				1553575B2ABF91EE00B85F0A /* ApptBubbleView.swift in Sources */,
				155357532ABF6E8C00B85F0A /* LandingPage.swift in Sources */,
				155357692ABFBD2E00B85F0A /* CheckboxToggleStyle.swift in Sources */,
				1553570E2ABF5C9E00B85F0A /* WhalenessApp.swift in Sources */,
			);
			runOnlyForDeploymentPostprocessing = 0;
		};
/* End PBXSourcesBuildPhase section */

/* Begin XCBuildConfiguration section */
		155357162ABF5CA000B85F0A /* Debug */ = {
			isa = XCBuildConfiguration;
			buildSettings = {
				ALWAYS_SEARCH_USER_PATHS = NO;
				ASSETCATALOG_COMPILER_GENERATE_SWIFT_ASSET_SYMBOL_EXTENSIONS = YES;
				CLANG_ANALYZER_NONNULL = YES;
				CLANG_ANALYZER_NUMBER_OBJECT_CONVERSION = YES_AGGRESSIVE;
				CLANG_CXX_LANGUAGE_STANDARD = "gnu++20";
				CLANG_ENABLE_MODULES = YES;
				CLANG_ENABLE_OBJC_ARC = YES;
				CLANG_ENABLE_OBJC_WEAK = YES;
				CLANG_WARN_BLOCK_CAPTURE_AUTORELEASING = YES;
				CLANG_WARN_BOOL_CONVERSION = YES;
				CLANG_WARN_COMMA = YES;
				CLANG_WARN_CONSTANT_CONVERSION = YES;
				CLANG_WARN_DEPRECATED_OBJC_IMPLEMENTATIONS = YES;
				CLANG_WARN_DIRECT_OBJC_ISA_USAGE = YES_ERROR;
				CLANG_WARN_DOCUMENTATION_COMMENTS = YES;
				CLANG_WARN_EMPTY_BODY = YES;
				CLANG_WARN_ENUM_CONVERSION = YES;
				CLANG_WARN_INFINITE_RECURSION = YES;
				CLANG_WARN_INT_CONVERSION = YES;
				CLANG_WARN_NON_LITERAL_NULL_CONVERSION = YES;
				CLANG_WARN_OBJC_IMPLICIT_RETAIN_SELF = YES;
				CLANG_WARN_OBJC_LITERAL_CONVERSION = YES;
				CLANG_WARN_OBJC_ROOT_CLASS = YES_ERROR;
				CLANG_WARN_QUOTED_INCLUDE_IN_FRAMEWORK_HEADER = YES;
				CLANG_WARN_RANGE_LOOP_ANALYSIS = YES;
				CLANG_WARN_STRICT_PROTOTYPES = YES;
				CLANG_WARN_SUSPICIOUS_MOVE = YES;
				CLANG_WARN_UNGUARDED_AVAILABILITY = YES_AGGRESSIVE;
				CLANG_WARN_UNREACHABLE_CODE = YES;
				CLANG_WARN__DUPLICATE_METHOD_MATCH = YES;
				COPY_PHASE_STRIP = NO;
				DEBUG_INFORMATION_FORMAT = dwarf;
				ENABLE_STRICT_OBJC_MSGSEND = YES;
				ENABLE_TESTABILITY = YES;
				ENABLE_USER_SCRIPT_SANDBOXING = YES;
				GCC_C_LANGUAGE_STANDARD = gnu17;
				GCC_DYNAMIC_NO_PIC = NO;
				GCC_NO_COMMON_BLOCKS = YES;
				GCC_OPTIMIZATION_LEVEL = 0;
				GCC_PREPROCESSOR_DEFINITIONS = (
					"DEBUG=1",
					"$(inherited)",
				);
				GCC_WARN_64_TO_32_BIT_CONVERSION = YES;
				GCC_WARN_ABOUT_RETURN_TYPE = YES_ERROR;
				GCC_WARN_UNDECLARED_SELECTOR = YES;
				GCC_WARN_UNINITIALIZED_AUTOS = YES_AGGRESSIVE;
				GCC_WARN_UNUSED_FUNCTION = YES;
				GCC_WARN_UNUSED_VARIABLE = YES;
				IPHONEOS_DEPLOYMENT_TARGET = 17.0;
				LOCALIZATION_PREFERS_STRING_CATALOGS = YES;
				MTL_ENABLE_DEBUG_INFO = INCLUDE_SOURCE;
				MTL_FAST_MATH = YES;
				ONLY_ACTIVE_ARCH = YES;
				SDKROOT = iphoneos;
				SWIFT_ACTIVE_COMPILATION_CONDITIONS = "DEBUG $(inherited)";
				SWIFT_OPTIMIZATION_LEVEL = "-Onone";
			};
			name = Debug;
		};
		155357172ABF5CA000B85F0A /* Release */ = {
			isa = XCBuildConfiguration;
			buildSettings = {
				ALWAYS_SEARCH_USER_PATHS = NO;
				ASSETCATALOG_COMPILER_GENERATE_SWIFT_ASSET_SYMBOL_EXTENSIONS = YES;
				CLANG_ANALYZER_NONNULL = YES;
				CLANG_ANALYZER_NUMBER_OBJECT_CONVERSION = YES_AGGRESSIVE;
				CLANG_CXX_LANGUAGE_STANDARD = "gnu++20";
				CLANG_ENABLE_MODULES = YES;
				CLANG_ENABLE_OBJC_ARC = YES;
				CLANG_ENABLE_OBJC_WEAK = YES;
				CLANG_WARN_BLOCK_CAPTURE_AUTORELEASING = YES;
				CLANG_WARN_BOOL_CONVERSION = YES;
				CLANG_WARN_COMMA = YES;
				CLANG_WARN_CONSTANT_CONVERSION = YES;
				CLANG_WARN_DEPRECATED_OBJC_IMPLEMENTATIONS = YES;
				CLANG_WARN_DIRECT_OBJC_ISA_USAGE = YES_ERROR;
				CLANG_WARN_DOCUMENTATION_COMMENTS = YES;
				CLANG_WARN_EMPTY_BODY = YES;
				CLANG_WARN_ENUM_CONVERSION = YES;
				CLANG_WARN_INFINITE_RECURSION = YES;
				CLANG_WARN_INT_CONVERSION = YES;
				CLANG_WARN_NON_LITERAL_NULL_CONVERSION = YES;
				CLANG_WARN_OBJC_IMPLICIT_RETAIN_SELF = YES;
				CLANG_WARN_OBJC_LITERAL_CONVERSION = YES;
				CLANG_WARN_OBJC_ROOT_CLASS = YES_ERROR;
				CLANG_WARN_QUOTED_INCLUDE_IN_FRAMEWORK_HEADER = YES;
				CLANG_WARN_RANGE_LOOP_ANALYSIS = YES;
				CLANG_WARN_STRICT_PROTOTYPES = YES;
				CLANG_WARN_SUSPICIOUS_MOVE = YES;
				CLANG_WARN_UNGUARDED_AVAILABILITY = YES_AGGRESSIVE;
				CLANG_WARN_UNREACHABLE_CODE = YES;
				CLANG_WARN__DUPLICATE_METHOD_MATCH = YES;
				COPY_PHASE_STRIP = NO;
				DEBUG_INFORMATION_FORMAT = "dwarf-with-dsym";
				ENABLE_NS_ASSERTIONS = NO;
				ENABLE_STRICT_OBJC_MSGSEND = YES;
				ENABLE_USER_SCRIPT_SANDBOXING = YES;
				GCC_C_LANGUAGE_STANDARD = gnu17;
				GCC_NO_COMMON_BLOCKS = YES;
				GCC_WARN_64_TO_32_BIT_CONVERSION = YES;
				GCC_WARN_ABOUT_RETURN_TYPE = YES_ERROR;
				GCC_WARN_UNDECLARED_SELECTOR = YES;
				GCC_WARN_UNINITIALIZED_AUTOS = YES_AGGRESSIVE;
				GCC_WARN_UNUSED_FUNCTION = YES;
				GCC_WARN_UNUSED_VARIABLE = YES;
				IPHONEOS_DEPLOYMENT_TARGET = 17.0;
				LOCALIZATION_PREFERS_STRING_CATALOGS = YES;
				MTL_ENABLE_DEBUG_INFO = NO;
				MTL_FAST_MATH = YES;
				SDKROOT = iphoneos;
				SWIFT_COMPILATION_MODE = wholemodule;
				VALIDATE_PRODUCT = YES;
			};
			name = Release;
		};
		155357192ABF5CA000B85F0A /* Debug */ = {
			isa = XCBuildConfiguration;
			buildSettings = {
				ASSETCATALOG_COMPILER_APPICON_NAME = AppIcon;
				ASSETCATALOG_COMPILER_GLOBAL_ACCENT_COLOR_NAME = AccentColor;
				CODE_SIGN_STYLE = Automatic;
				CURRENT_PROJECT_VERSION = 1;
				DEVELOPMENT_ASSET_PATHS = "\"Whaleness/Preview Content\"";
				DEVELOPMENT_TEAM = 7J29978Z7J;
				ENABLE_PREVIEWS = YES;
				GENERATE_INFOPLIST_FILE = YES;
				INFOPLIST_KEY_UIApplicationSceneManifest_Generation = YES;
				INFOPLIST_KEY_UIApplicationSupportsIndirectInputEvents = YES;
				INFOPLIST_KEY_UILaunchScreen_Generation = YES;
				INFOPLIST_KEY_UISupportedInterfaceOrientations_iPad = "UIInterfaceOrientationPortrait UIInterfaceOrientationPortraitUpsideDown UIInterfaceOrientationLandscapeLeft UIInterfaceOrientationLandscapeRight";
				INFOPLIST_KEY_UISupportedInterfaceOrientations_iPhone = "UIInterfaceOrientationPortrait UIInterfaceOrientationLandscapeLeft UIInterfaceOrientationLandscapeRight";
				LD_RUNPATH_SEARCH_PATHS = (
					"$(inherited)",
					"@executable_path/Frameworks",
				);
				MARKETING_VERSION = 1.0;
				PRODUCT_BUNDLE_IDENTIFIER = DivHacks.Whaleness12344534;
				PRODUCT_NAME = "$(TARGET_NAME)";
				SWIFT_EMIT_LOC_STRINGS = YES;
				SWIFT_VERSION = 5.0;
				TARGETED_DEVICE_FAMILY = "1,2";
			};
			name = Debug;
		};
		1553571A2ABF5CA000B85F0A /* Release */ = {
			isa = XCBuildConfiguration;
			buildSettings = {
				ASSETCATALOG_COMPILER_APPICON_NAME = AppIcon;
				ASSETCATALOG_COMPILER_GLOBAL_ACCENT_COLOR_NAME = AccentColor;
				CODE_SIGN_STYLE = Automatic;
				CURRENT_PROJECT_VERSION = 1;
				DEVELOPMENT_ASSET_PATHS = "\"Whaleness/Preview Content\"";
				DEVELOPMENT_TEAM = 7J29978Z7J;
				ENABLE_PREVIEWS = YES;
				GENERATE_INFOPLIST_FILE = YES;
				INFOPLIST_KEY_UIApplicationSceneManifest_Generation = YES;
				INFOPLIST_KEY_UIApplicationSupportsIndirectInputEvents = YES;
				INFOPLIST_KEY_UILaunchScreen_Generation = YES;
				INFOPLIST_KEY_UISupportedInterfaceOrientations_iPad = "UIInterfaceOrientationPortrait UIInterfaceOrientationPortraitUpsideDown UIInterfaceOrientationLandscapeLeft UIInterfaceOrientationLandscapeRight";
				INFOPLIST_KEY_UISupportedInterfaceOrientations_iPhone = "UIInterfaceOrientationPortrait UIInterfaceOrientationLandscapeLeft UIInterfaceOrientationLandscapeRight";
				LD_RUNPATH_SEARCH_PATHS = (
					"$(inherited)",
					"@executable_path/Frameworks",
				);
				MARKETING_VERSION = 1.0;
				PRODUCT_BUNDLE_IDENTIFIER = DivHacks.Whaleness12344534;
				PRODUCT_NAME = "$(TARGET_NAME)";
				SWIFT_EMIT_LOC_STRINGS = YES;
				SWIFT_VERSION = 5.0;
				TARGETED_DEVICE_FAMILY = "1,2";
			};
			name = Release;
		};
/* End XCBuildConfiguration section */

/* Begin XCConfigurationList section */
		155357052ABF5C9E00B85F0A /* Build configuration list for PBXProject "Whaleness" */ = {
			isa = XCConfigurationList;
			buildConfigurations = (
				155357162ABF5CA000B85F0A /* Debug */,
				155357172ABF5CA000B85F0A /* Release */,
			);
			defaultConfigurationIsVisible = 0;
			defaultConfigurationName = Release;
		};
		155357182ABF5CA000B85F0A /* Build configuration list for PBXNativeTarget "Whaleness" */ = {
			isa = XCConfigurationList;
			buildConfigurations = (
				155357192ABF5CA000B85F0A /* Debug */,
				1553571A2ABF5CA000B85F0A /* Release */,
			);
			defaultConfigurationIsVisible = 0;
			defaultConfigurationName = Release;
		};
/* End XCConfigurationList section */

/* Begin XCRemoteSwiftPackageReference section */
		152D9B5A2AC0770F00778FCC /* XCRemoteSwiftPackageReference "Parse-Swift" */ = {
			isa = XCRemoteSwiftPackageReference;
			repositoryURL = "https://github.com/parse-community/Parse-Swift";
			requirement = {
				kind = upToNextMajorVersion;
				minimumVersion = 4.14.2;
			};
		};
		C58C7A6B2ABFDB74006B9BA2 /* XCRemoteSwiftPackageReference "OpenAI" */ = {
			isa = XCRemoteSwiftPackageReference;
			repositoryURL = "https://github.com/MacPaw/OpenAI";
			requirement = {
				kind = upToNextMajorVersion;
				minimumVersion = 0.2.4;
			};
		};
/* End XCRemoteSwiftPackageReference section */

/* Begin XCSwiftPackageProductDependency section */
		152D9B5B2AC0770F00778FCC /* ParseSwift */ = {
			isa = XCSwiftPackageProductDependency;
			package = 152D9B5A2AC0770F00778FCC /* XCRemoteSwiftPackageReference "Parse-Swift" */;
			productName = ParseSwift;
		};
		C58C7A6C2ABFDB74006B9BA2 /* OpenAI */ = {
			isa = XCSwiftPackageProductDependency;
			package = C58C7A6B2ABFDB74006B9BA2 /* XCRemoteSwiftPackageReference "OpenAI" */;
			productName = OpenAI;
		};
/* End XCSwiftPackageProductDependency section */
	};
	rootObject = 155357022ABF5C9E00B85F0A /* Project object */;
}
